<?xml version="1.0" encoding="utf-8"?>
<Project ToolsVersion="4.0" xmlns="http://schemas.microsoft.com/developer/msbuild/2003">
  <ItemGroup>
    <Filter Include="Source Files">
      <UniqueIdentifier>{4FC737F1-C7A5-4376-A066-2A32D752A2FF}</UniqueIdentifier>
      <Extensions>cpp;c;cc;cxx;def;odl;idl;hpj;bat;asm;asmx</Extensions>
    </Filter>
    <Filter Include="Header Files">
      <UniqueIdentifier>{93995380-89BD-4b04-88EB-625FBE52EBFB}</UniqueIdentifier>
      <Extensions>h;hh;hpp;hxx;hm;inl;inc;xsd</Extensions>
    </Filter>
    <Filter Include="Resource Files">
      <UniqueIdentifier>{67DA6AB6-F800-4c08-8B7A-83BB121AAD01}</UniqueIdentifier>
      <Extensions>rc;ico;cur;bmp;dlg;rc2;rct;bin;rgs;gif;jpg;jpeg;jpe;resx;tiff;tif;png;wav;mfcribbon-ms</Extensions>
    </Filter>
    <Filter Include="Source Files\Physics">
      <UniqueIdentifier>{3d5e46a6-a383-4d7d-a5bf-4c3946d64140}</UniqueIdentifier>
    </Filter>
    <Filter Include="Source Files\App">
      <UniqueIdentifier>{8e4fce81-561b-489e-992f-39260dfc6e9d}</UniqueIdentifier>
    </Filter>
    <Filter Include="Header Files\App">
      <UniqueIdentifier>{9747c479-f85a-466b-8ea7-d6244640ff2c}</UniqueIdentifier>
    </Filter>
    <Filter Include="Header Files\Physics">
      <UniqueIdentifier>{b2ec9ae2-8483-42d0-ae67-3361ffc53189}</UniqueIdentifier>
    </Filter>
    <Filter Include="Header Files\Physics\Chemical">
      <UniqueIdentifier>{800ae20f-9bb5-4ce9-93b9-b0a234de76f8}</UniqueIdentifier>
    </Filter>
    <Filter Include="Source Files\Physics\Chemical">
      <UniqueIdentifier>{99eaa396-3d06-4784-9013-c932aa6b88cf}</UniqueIdentifier>
    </Filter>
    <Filter Include="Header Files\Physics\Math">
      <UniqueIdentifier>{91dbc483-06dc-4a3e-8bdb-b95e5e4e5649}</UniqueIdentifier>
    </Filter>
    <Filter Include="Source Files\Physics\Math">
      <UniqueIdentifier>{a8bd6e31-28ce-4871-984a-8fa5f71c53c3}</UniqueIdentifier>
    </Filter>
    <Filter Include="Header Files\Physics\Objects">
      <UniqueIdentifier>{349abca8-447b-4bd5-b772-3359d6fda661}</UniqueIdentifier>
    </Filter>
    <Filter Include="Header Files\Physics\Objects\WorldParts">
      <UniqueIdentifier>{96594267-a0c8-424d-b883-9e86ceaef8ee}</UniqueIdentifier>
    </Filter>
    <Filter Include="Source Files\Physics\Objects">
      <UniqueIdentifier>{2e1452aa-4133-499c-ba26-d9a131937891}</UniqueIdentifier>
    </Filter>
    <Filter Include="Source Files\Physics\Objects\WorldParts">
      <UniqueIdentifier>{85735a0b-c595-4d26-a0bc-b42bb802f679}</UniqueIdentifier>
    </Filter>
    <Filter Include="Header Files\Physics\Objects\CellParts">
      <UniqueIdentifier>{54da68eb-9a61-4005-a80d-d6551e78d83c}</UniqueIdentifier>
    </Filter>
    <Filter Include="Source Files\Physics\Objects\CellParts">
      <UniqueIdentifier>{6b422215-a401-4c0c-b981-5df94c84bfb5}</UniqueIdentifier>
    </Filter>
    <Filter Include="Source Files\Physics\Objects\Other">
      <UniqueIdentifier>{30eb2131-1885-4b53-82f0-1ab9223d5207}</UniqueIdentifier>
    </Filter>
    <Filter Include="Header Files\Physics\Objects\Other">
      <UniqueIdentifier>{7472c5ca-5000-4c36-ad5c-32ea106f011b}</UniqueIdentifier>
    </Filter>
  </ItemGroup>
  <ItemGroup>
    <ClCompile Include="App.cpp">
      <Filter>Source Files\App</Filter>
    </ClCompile>
    <ClCompile Include="Winapi.cpp">
      <Filter>Source Files</Filter>
    </ClCompile>
    <ClCompile Include="View.cpp">
      <Filter>Source Files\App</Filter>
    </ClCompile>
    <ClCompile Include="MainBar.cpp">
      <Filter>Source Files\App</Filter>
    </ClCompile>
    <ClCompile Include="Color.cpp">
      <Filter>Source Files\App</Filter>
    </ClCompile>
    <ClCompile Include="Simulator.cpp">
      <Filter>Source Files\App</Filter>
    </ClCompile>
    <ClCompile Include="Writer.cpp">
      <Filter>Source Files\App</Filter>
    </ClCompile>
    <ClCompile Include="Reactor.cpp">
      <Filter>Source Files\Physics\Chemical</Filter>
    </ClCompile>
    <ClCompile Include="DNA.cpp">
      <Filter>Source Files\Physics\Chemical</Filter>
    </ClCompile>
    <ClCompile Include="Vector.cpp">
      <Filter>Source Files\Physics\Math</Filter>
    </ClCompile>
    <ClCompile Include="Matrix.cpp">
      <Filter>Source Files\Physics\Math</Filter>
    </ClCompile>
    <ClCompile Include="Particle.cpp">
      <Filter>Source Files\Physics\Chemical</Filter>
    </ClCompile>
    <ClCompile Include="Shapes.cpp">
      <Filter>Source Files\Physics\Math</Filter>
    </ClCompile>
    <ClCompile Include="Block.cpp">
      <Filter>Source Files\Physics\Objects\WorldParts</Filter>
    </ClCompile>
    <ClCompile Include="Chunk.cpp">
      <Filter>Source Files\Physics\Objects\WorldParts</Filter>
    </ClCompile>
    <ClCompile Include="World.cpp">
      <Filter>Source Files\Physics\Objects\WorldParts</Filter>
    </ClCompile>
    <ClCompile Include="Membrane.cpp">
      <Filter>Source Files\Physics\Chemical</Filter>
    </ClCompile>
    <ClCompile Include="WorldSettings.cpp">
      <Filter>Source Files\Physics\Objects\WorldParts</Filter>
    </ClCompile>
    <ClCompile Include="Cell.cpp">
      <Filter>Source Files\Physics\Objects\CellParts</Filter>
    </ClCompile>
    <ClCompile Include="Joint.cpp">
      <Filter>Source Files\Physics\Objects\CellParts</Filter>
    </ClCompile>
    <ClCompile Include="Core.cpp">
      <Filter>Source Files\Physics\Objects\WorldParts</Filter>
    </ClCompile>
    <ClCompile Include="Point.cpp">
      <Filter>Source Files\Physics\Objects\CellParts</Filter>
    </ClCompile>
    <ClCompile Include="Water.cpp">
      <Filter>Source Files\Physics\Objects\Other</Filter>
    </ClCompile>
    <ClCompile Include="Line.cpp">
      <Filter>Source Files\Physics\Objects\Other</Filter>
    </ClCompile>
    <ClCompile Include="CellFrame.cpp">
      <Filter>Source Files\Physics\Objects\CellParts</Filter>
    </ClCompile>
    <ClCompile Include="Vector2DAVX.cpp">
      <Filter>Source Files\Physics\Math</Filter>
    </ClCompile>
  </ItemGroup>
  <ItemGroup>
    <ClInclude Include="App.h">
      <Filter>Header Files\App</Filter>
    </ClInclude>
    <ClInclude Include="MainBar.h">
      <Filter>Header Files\App</Filter>
    </ClInclude>
    <ClInclude Include="View.h">
      <Filter>Header Files\App</Filter>
    </ClInclude>
    <ClInclude Include="Color.h">
      <Filter>Header Files\App</Filter>
    </ClInclude>
    <ClInclude Include="Simulator.h">
      <Filter>Header Files\App</Filter>
    </ClInclude>
    <ClInclude Include="Writer.h">
      <Filter>Header Files\App</Filter>
    </ClInclude>
    <ClInclude Include="DNA.h">
      <Filter>Header Files\Physics\Chemical</Filter>
    </ClInclude>
    <ClInclude Include="Reactor.h">
      <Filter>Header Files\Physics\Chemical</Filter>
    </ClInclude>
    <ClInclude Include="Vector.h">
      <Filter>Header Files\Physics\Math</Filter>
    </ClInclude>
    <ClInclude Include="Matrix.h">
      <Filter>Header Files\Physics\Math</Filter>
    </ClInclude>
    <ClInclude Include="Particle.h">
      <Filter>Header Files\Physics\Chemical</Filter>
    </ClInclude>
    <ClInclude Include="Membrane.h">
      <Filter>Header Files\Physics\Chemical</Filter>
    </ClInclude>
    <ClInclude Include="ParticleFactory.h">
      <Filter>Header Files\Physics\Chemical</Filter>
    </ClInclude>
    <ClInclude Include="Shapes.h">
      <Filter>Header Files\Physics\Math</Filter>
    </ClInclude>
    <ClInclude Include="WorldSettings.h">
      <Filter>Header Files\Physics\Objects\WorldParts</Filter>
    </ClInclude>
    <ClInclude Include="World.h">
      <Filter>Header Files\Physics\Objects\WorldParts</Filter>
    </ClInclude>
    <ClInclude Include="Block.h">
      <Filter>Header Files\Physics\Objects\WorldParts</Filter>
    </ClInclude>
    <ClInclude Include="Chunk.h">
      <Filter>Header Files\Physics\Objects\WorldParts</Filter>
    </ClInclude>
    <ClInclude Include="Cell.h">
      <Filter>Header Files\Physics\Objects\CellParts</Filter>
    </ClInclude>
    <ClInclude Include="Joint.h">
      <Filter>Header Files\Physics\Objects\CellParts</Filter>
    </ClInclude>
    <ClInclude Include="Point.h">
      <Filter>Header Files\Physics\Objects\CellParts</Filter>
    </ClInclude>
    <ClInclude Include="Core.h">
      <Filter>Header Files\Physics\Objects\WorldParts</Filter>
    </ClInclude>
    <ClInclude Include="CellFrame.h">
      <Filter>Header Files\Physics\Objects\CellParts</Filter>
    </ClInclude>
    <ClInclude Include="Line.h">
      <Filter>Header Files\Physics\Objects\Other</Filter>
    </ClInclude>
    <ClInclude Include="Water.h">
      <Filter>Header Files\Physics\Objects\Other</Filter>
    </ClInclude>
    <ClInclude Include="Vector2DAVX.h">
      <Filter>Header Files\Physics\Math</Filter>
    </ClInclude>
    <ClInclude Include="Mixture.h">
      <Filter>Header Files\Physics\Chemical</Filter>
    </ClInclude>
    <ClInclude Include="ParticlesOpenCL.h">
      <Filter>Header Files\Physics\Objects\WorldParts</Filter>
    </ClInclude>
  </ItemGroup>
</Project>